{
  "requires": true,
  "lockfileVersion": 1,
  "dependencies": {
    "literallycanvas": {
      "version": "0.4.13",
      "resolved": "https://registry.npmjs.org/literallycanvas/-/literallycanvas-0.4.13.tgz",
      "integrity": "sha1-su25QZhM0ntv4aw/bjymnV7uybc=",
      "requires": {
        "react-addons-pure-render-mixin": "^0.14.6"
      }
    },
    "react-addons-pure-render-mixin": {
      "version": "0.14.8",
      "resolved": "https://registry.npmjs.org/react-addons-pure-render-mixin/-/react-addons-pure-render-mixin-0.14.8.tgz",
      "integrity": "sha1-QQmvLWzrcuOJe/ND2K5/MppnE9Q="
    }
  }
}
